{
  "name": "@unicsmcr/eslint-config",
  "version": "0.0.1",
  "lockfileVersion": 1,
  "requires": true,
  "dependencies": {
    "eslint-config-aqua": {
      "version": "7.2.4",
      "resolved": "https://registry.npmjs.org/eslint-config-aqua/-/eslint-config-aqua-7.2.4.tgz",
      "integrity": "sha512-AfZdiyAkzeVQaPlpKPI2KGtyWH3ePs5fAOUwDYsT52OGAPyBid8Rotgkn/0JdRM/79MF3pOrXfOtcEjsMxhB3w=="
    },
    "eslint-config-marine": {
      "version": "7.1.2",
      "resolved": "https://registry.npmjs.org/eslint-config-marine/-/eslint-config-marine-7.1.2.tgz",
      "integrity": "sha512-AMzafaVJmNfbjJZyJY9ap1LU/QWjvZtCwbsVkqn0ye/gJqGPcU1w7FCIJiUzPaFYneNpKaQzYt/VbLXNv9ym5g==",
      "requires": {
        "eslint-config-aqua": "^7.2.4"
      }
    }
  }
}
